PODS:
  - KakaoMapsSDK (2.6.3)
  - Realm (20.0.3):
    - Realm/Headers (= 20.0.3)
  - Realm/Headers (20.0.3)
  - RealmSwift (20.0.3):
    - Realm (= 20.0.3)

DEPENDENCIES:
  - KakaoMapsSDK (= 2.6.3)
  - RealmSwift

SPEC REPOS:
  https://github.com/CocoaPods/Specs.git:
    - KakaoMapsSDK
    - Realm
    - RealmSwift

SPEC CHECKSUMS:
  KakaoMapsSDK: 478a68bc259a4e46be1677a7afbd4a9de57ce1f1
  Realm: 853e5089d6042dff807bda000277eadfe2da93d2
  RealmSwift: f33c19577cefcbf681345d721fcbc7b42be4c949

PODFILE CHECKSUM: 37ff00032decd9348d9c576d48c85cd477041669

COCOAPODS: 1.16.2
