// !$*UTF8*$!
{
	archiveVersion = 1;
	classes = {
	};
	objectVersion = 56;
	objects = {

/* Begin PBXBuildFile section */
		0BF29263C5B25FD2C6EF9558 /* SeaAnalysisDetailView.swift in Sources */ = {isa = PBXBuildFile; fileRef = B89BD20FDB4DD5B893E40F89 /* SeaAnalysisDetailView.swift */; };
		0FBF453FFF082B22DC020B1F /* DefaultFishingRecordRepository.swift in Sources */ = {isa = PBXBuildFile; fileRef = 0D1767FD75604B267DB9FD3F /* DefaultFishingRecordRepository.swift */; };
		113564FD2F51A8AE00F4E38B /* RisaInfoDTO.swift in Sources */ = {isa = PBXBuildFile; fileRef = 113564FC2F51A8AE00F4E38B /* RisaInfoDTO.swift */; };
		113565002F51A8C900F4E38B /* RisaListDTO.swift in Sources */ = {isa = PBXBuildFile; fileRef = 113564FE2F51A8C900F4E38B /* RisaListDTO.swift */; };
		11473BE62F56FD8400695EA9 /* OnboardingView.swift in Sources */ = {isa = PBXBuildFile; fileRef = 11473BE32F56FD8400695EA9 /* OnboardingView.swift */; };
		11473BE72F56FD8400695EA9 /* OnboardingViewModel.swift in Sources */ = {isa = PBXBuildFile; fileRef = 11473BE42F56FD8400695EA9 /* OnboardingViewModel.swift */; };
		1150DFEF2F5E5FAB007C1638 /* Region.swift in Sources */ = {isa = PBXBuildFile; fileRef = 1150DFEE2F5E5FAB007C1638 /* Region.swift */; };
		1150DFF12F5E5FB7007C1638 /* RegionDTO.swift in Sources */ = {isa = PBXBuildFile; fileRef = 1150DFF02F5E5FB7007C1638 /* RegionDTO.swift */; };
		1150DFF42F5E66BF007C1638 /* CrawlingCurrentTemperatureView.swift in Sources */ = {isa = PBXBuildFile; fileRef = 1150DFF22F5E66BF007C1638 /* CrawlingCurrentTemperatureView.swift */; };
		1150DFF52F5E66BF007C1638 /* CrawlingOceanSelectView.swift in Sources */ = {isa = PBXBuildFile; fileRef = 1150DFF32F5E66BF007C1638 /* CrawlingOceanSelectView.swift */; };
		1150DFF82F5E66DC007C1638 /* CrawlingCurrentTemperatureViewModel.swift in Sources */ = {isa = PBXBuildFile; fileRef = 1150DFF62F5E66DC007C1638 /* CrawlingCurrentTemperatureViewModel.swift */; };
		1150DFF92F5E66DC007C1638 /* CrawlingOceanSelectViewModel.swift in Sources */ = {isa = PBXBuildFile; fileRef = 1150DFF72F5E66DC007C1638 /* CrawlingOceanSelectViewModel.swift */; };
		117142672F347384008E79D6 /* HistoryDetailView.swift in Sources */ = {isa = PBXBuildFile; fileRef = 117142662F347384008E79D6 /* HistoryDetailView.swift */; };
		1171426A2F347394008E79D6 /* HistoryMapView.swift in Sources */ = {isa = PBXBuildFile; fileRef = 117142682F347394008E79D6 /* HistoryMapView.swift */; };
		1171426C2F34739B008E79D6 /* HistoryDetailViewModel.swift in Sources */ = {isa = PBXBuildFile; fileRef = 1171426B2F34739B008E79D6 /* HistoryDetailViewModel.swift */; };
		117618292F33480A00EF9FAF /* CommonPopupView.swift in Sources */ = {isa = PBXBuildFile; fileRef = 117618272F33480A00EF9FAF /* CommonPopupView.swift */; };
		117618302F3364CA00EF9FAF /* HistoryRecordCardView.swift in Sources */ = {isa = PBXBuildFile; fileRef = 1176182A2F3364CA00EF9FAF /* HistoryRecordCardView.swift */; };
		117618312F3364CA00EF9FAF /* HistoryView.swift in Sources */ = {isa = PBXBuildFile; fileRef = 1176182B2F3364CA00EF9FAF /* HistoryView.swift */; };
		117618322F3364CA00EF9FAF /* HistoryViewModel.swift in Sources */ = {isa = PBXBuildFile; fileRef = 1176182D2F3364CA00EF9FAF /* HistoryViewModel.swift */; };
		117A00282F2DA7C4005C7F82 /* SeaAnalysisView.swift in Sources */ = {isa = PBXBuildFile; fileRef = 117A00252F2DA7C4005C7F82 /* SeaAnalysisView.swift */; };
		117A00292F2DA7C4005C7F82 /* SeaRegionCardView.swift in Sources */ = {isa = PBXBuildFile; fileRef = 117A00262F2DA7C4005C7F82 /* SeaRegionCardView.swift */; };
		117A002A2F2DA7C4005C7F82 /* SeaAnalysisViewModel.swift in Sources */ = {isa = PBXBuildFile; fileRef = 117A00232F2DA7C4005C7F82 /* SeaAnalysisViewModel.swift */; };
		117A002B2F2DA7C5005C7F82 /* SeaRegionListViewModel.swift in Sources */ = {isa = PBXBuildFile; fileRef = 117A002C2F2DA7C5005C7F82 /* SeaRegionListViewModel.swift */; };
		117A002D2F2DA7C5005C7F82 /* SeaRegionRowView.swift in Sources */ = {isa = PBXBuildFile; fileRef = 117A002E2F2DA7C5005C7F82 /* SeaRegionRowView.swift */; };
		117A002F2F2DA7C5005C7F82 /* SeaRegionListView.swift in Sources */ = {isa = PBXBuildFile; fileRef = 117A00302F2DA7C5005C7F82 /* SeaRegionListView.swift */; };
		1188DC5D2F4D7E5600CB12C6 /* SplashRepository.swift in Sources */ = {isa = PBXBuildFile; fileRef = 1188DC5C2F4D7E5600CB12C6 /* SplashRepository.swift */; };
		1188DC5F2F4D7E8600CB12C6 /* FishingRecordRepository.swift in Sources */ = {isa = PBXBuildFile; fileRef = 1188DC5E2F4D7E8600CB12C6 /* FishingRecordRepository.swift */; };
		1188DC612F4D7EA500CB12C6 /* SplashUseCase.swift in Sources */ = {isa = PBXBuildFile; fileRef = 1188DC602F4D7EA500CB12C6 /* SplashUseCase.swift */; };
		1188DC662F4DA53100CB12C6 /* WebViewConfig.swift in Sources */ = {isa = PBXBuildFile; fileRef = 1188DC642F4DA53100CB12C6 /* WebViewConfig.swift */; };
		1188DC6A2F4DA54E00CB12C6 /* SeaThermoWebView.swift in Sources */ = {isa = PBXBuildFile; fileRef = 1188DC672F4DA54E00CB12C6 /* SeaThermoWebView.swift */; };
		1193965C2F59621500F4EB6C /* SeaThermoApp.swift in Sources */ = {isa = PBXBuildFile; fileRef = 1193965B2F59621500F4EB6C /* SeaThermoApp.swift */; };
		119396692F59673000F4EB6C /* MainTabView.swift in Sources */ = {isa = PBXBuildFile; fileRef = 119396672F59673000F4EB6C /* MainTabView.swift */; };
		1193966A2F59673000F4EB6C /* CurrentTemperatureView.swift in Sources */ = {isa = PBXBuildFile; fileRef = 119396602F59673000F4EB6C /* CurrentTemperatureView.swift */; };
		1193966B2F59673000F4EB6C /* OceanRegionCardView.swift in Sources */ = {isa = PBXBuildFile; fileRef = 1193965E2F59673000F4EB6C /* OceanRegionCardView.swift */; };
		1193966C2F59673000F4EB6C /* CurrentTemperatureViewModel.swift in Sources */ = {isa = PBXBuildFile; fileRef = 119396632F59673000F4EB6C /* CurrentTemperatureViewModel.swift */; };
		1193966D2F59673000F4EB6C /* OceanSelectView.swift in Sources */ = {isa = PBXBuildFile; fileRef = 119396612F59673000F4EB6C /* OceanSelectView.swift */; };
		1193966E2F59673000F4EB6C /* OceanSelectViewModel.swift in Sources */ = {isa = PBXBuildFile; fileRef = 119396642F59673000F4EB6C /* OceanSelectViewModel.swift */; };
		119396702F59912800F4EB6C /* GoogleService-Info.plist in Resources */ = {isa = PBXBuildFile; fileRef = 1193966F2F59912800F4EB6C /* GoogleService-Info.plist */; };
		1195A5CE2F581289000B7DB2 /* Color.swift in Sources */ = {isa = PBXBuildFile; fileRef = 1195A5CD2F581289000B7DB2 /* Color.swift */; };
		1195A5D02F5812CF000B7DB2 /* UIColor+Hex.swift in Sources */ = {isa = PBXBuildFile; fileRef = 1195A5CF2F5812CF000B7DB2 /* UIColor+Hex.swift */; };
		11DC470C2F5A9BC2004AB305 /* ApplicationDIContainer.swift in Sources */ = {isa = PBXBuildFile; fileRef = 11DC470B2F5A9BC2004AB305 /* ApplicationDIContainer.swift */; };
		11E66EAC2F3B0FBF00AC7B6A /* RecordKakaoMapView.swift in Sources */ = {isa = PBXBuildFile; fileRef = 11E66EAA2F3B0FBF00AC7B6A /* RecordKakaoMapView.swift */; };
		11E66EAD2F3B0FBF00AC7B6A /* RecordKakaoMapViewController.swift in Sources */ = {isa = PBXBuildFile; fileRef = 11E66EAB2F3B0FBF00AC7B6A /* RecordKakaoMapViewController.swift */; };
		11E66EB02F3B1ED800AC7B6A /* HistoryKakaoMapViewController.swift in Sources */ = {isa = PBXBuildFile; fileRef = 11E66EAF2F3B1ED800AC7B6A /* HistoryKakaoMapViewController.swift */; };
		11E66EB12F3B1ED800AC7B6A /* HistoryKakaoMapView.swift in Sources */ = {isa = PBXBuildFile; fileRef = 11E66EAE2F3B1ED800AC7B6A /* HistoryKakaoMapView.swift */; };
		11FC08402F35C6CD0067FBAB /* RecordMapView.swift in Sources */ = {isa = PBXBuildFile; fileRef = 11FC083E2F35C6CD0067FBAB /* RecordMapView.swift */; };
		1330B868D2832A44D987A553 /* RealmManager.swift in Sources */ = {isa = PBXBuildFile; fileRef = 093AC48AA1FF2837E609F8E8 /* RealmManager.swift */; };
		225237683E1B0440276984CB /* FishingRecordUseCase.swift in Sources */ = {isa = PBXBuildFile; fileRef = 5AE7D787BF4B0606112C412A /* FishingRecordUseCase.swift */; };
		26B53BA3AF20420EB2F26926 /* DefaultSplashRepository.swift in Sources */ = {isa = PBXBuildFile; fileRef = 0962F7FBD82D4CF2A845061E /* DefaultSplashRepository.swift */; };
		29A7E81887295D88B98D6ABA /* SettingViewModel.swift in Sources */ = {isa = PBXBuildFile; fileRef = 5C5D606CD631AF9E1FFC631E /* SettingViewModel.swift */; };
		32678646250D4911966F09E5 /* SplashView.swift in Sources */ = {isa = PBXBuildFile; fileRef = 54634800DFF64063ACCC5ED5 /* SplashView.swift */; };
		569F048024BBD429EC11659B /* Pods_SeaThermo.framework in Frameworks */ = {isa = PBXBuildFile; fileRef = 03AA4355987AC316DDA08C99 /* Pods_SeaThermo.framework */; };
		61F92959D621EB1C9B01CD6A /* SeaAnalysisDetailViewModel.swift in Sources */ = {isa = PBXBuildFile; fileRef = 60FDD546D39EAF812578B340 /* SeaAnalysisDetailViewModel.swift */; };
		7328AEBCF75792505834FC4D /* SettingView.swift in Sources */ = {isa = PBXBuildFile; fileRef = CC046A5B2699C9838415D31D /* SettingView.swift */; };
		78C52B0F387154EC058F66CA /* RealmFishingRecord.swift in Sources */ = {isa = PBXBuildFile; fileRef = C9496B21B73A2BB3CBD17F97 /* RealmFishingRecord.swift */; };
		938308A513E526F0A691998F /* FishingRecordViewModel.swift in Sources */ = {isa = PBXBuildFile; fileRef = 907061170C85DB46A0B8579F /* FishingRecordViewModel.swift */; };
		A040C38E031E0655DA7EE9BC /* FishingRecord.swift in Sources */ = {isa = PBXBuildFile; fileRef = 84588FAC4A6DAE21D9C8966E /* FishingRecord.swift */; };
		AA5D7BEB694340508095DBD0 /* SplashViewModel.swift in Sources */ = {isa = PBXBuildFile; fileRef = E032D3F263E0420386394477 /* SplashViewModel.swift */; };
		AABF851A0557A35D008E9C95 /* TemperatureLineGraphView.swift in Sources */ = {isa = PBXBuildFile; fileRef = D4BCE443C568743D082F339C /* TemperatureLineGraphView.swift */; };
		BE8D8308779040CAA518B7F1 /* VersionCheckDTO.swift in Sources */ = {isa = PBXBuildFile; fileRef = 7F9D632B8195470DA96FB3D6 /* VersionCheckDTO.swift */; };
		E8AFEA2CD75B4A60A7E5ADC3 /* VersionStatus.swift in Sources */ = {isa = PBXBuildFile; fileRef = 2BF69B7ED4E64B11A3500D56 /* VersionStatus.swift */; };
		E9B3C143644F178B8CD4DD33 /* FishingRecordView.swift in Sources */ = {isa = PBXBuildFile; fileRef = 96F2E7BE3E0B35DBDE877066 /* FishingRecordView.swift */; };
		F407170E2DBFAA1F00A433A5 /* UserDefaults.swift in Sources */ = {isa = PBXBuildFile; fileRef = F407170D2DBFAA1F00A433A5 /* UserDefaults.swift */; };
		F429D9492B9831030049534B /* NetworkService.swift in Sources */ = {isa = PBXBuildFile; fileRef = F429D9452B9831030049534B /* NetworkService.swift */; };
		F429D94A2B9831030049534B /* Endpoint.swift in Sources */ = {isa = PBXBuildFile; fileRef = F429D9462B9831030049534B /* Endpoint.swift */; };
		F43151FD2B1860AE00027BB9 /* AppDIContainer.swift in Sources */ = {isa = PBXBuildFile; fileRef = F43151FC2B1860AE00027BB9 /* AppDIContainer.swift */; };
		F480D2632BA2E2A800E1F30D /* WeeklyTemperature.swift in Sources */ = {isa = PBXBuildFile; fileRef = F480D2622BA2E2A800E1F30D /* WeeklyTemperature.swift */; };
		F48104422B5FA3BB00F1E1BC /* UIDevice.swift in Sources */ = {isa = PBXBuildFile; fileRef = F48104412B5FA3BB00F1E1BC /* UIDevice.swift */; };
		F49152722B9951B00000C552 /* CurrentTemperature.swift in Sources */ = {isa = PBXBuildFile; fileRef = F49152712B9951B00000C552 /* CurrentTemperature.swift */; };
		F49152742B9952590000C552 /* OceanUseCase.swift in Sources */ = {isa = PBXBuildFile; fileRef = F49152732B9952590000C552 /* OceanUseCase.swift */; };
		F49152762B9954D70000C552 /* OceanRepository.swift in Sources */ = {isa = PBXBuildFile; fileRef = F49152752B9954D60000C552 /* OceanRepository.swift */; };
		F49152782B9955680000C552 /* DefaultOceanRepository.swift in Sources */ = {isa = PBXBuildFile; fileRef = F49152772B9955680000C552 /* DefaultOceanRepository.swift */; };
		F491527D2B99A91E0000C552 /* APIEndpoints.swift in Sources */ = {isa = PBXBuildFile; fileRef = F491527C2B99A91E0000C552 /* APIEndpoints.swift */; };
		F4950DCD2AAAA36000DD26DE /* FDAppManager.swift in Sources */ = {isa = PBXBuildFile; fileRef = F4950DCC2AAAA36000DD26DE /* FDAppManager.swift */; };
		F4950DCF2AAAB08100DD26DE /* Date.swift in Sources */ = {isa = PBXBuildFile; fileRef = F4950DCE2AAAB08100DD26DE /* Date.swift */; };
		F4B270A22B9A91C9007A71D5 /* AppConfiguration.swift in Sources */ = {isa = PBXBuildFile; fileRef = F4B270A12B9A91C9007A71D5 /* AppConfiguration.swift */; };
		F4C0276F2AB17804007D1900 /* MKPolyline.swift in Sources */ = {isa = PBXBuildFile; fileRef = F4C0276E2AB17804007D1900 /* MKPolyline.swift */; };
		F4C1AD4A2AB979E300A34386 /* String.swift in Sources */ = {isa = PBXBuildFile; fileRef = F4C1AD492AB979E300A34386 /* String.swift */; };
		F4DE47B32AA0107000ED2D23 /* Assets.xcassets in Resources */ = {isa = PBXBuildFile; fileRef = F4DE47B22AA0107000ED2D23 /* Assets.xcassets */; };
		F4DE47B62AA0107000ED2D23 /* LaunchScreen.storyboard in Resources */ = {isa = PBXBuildFile; fileRef = F4DE47B42AA0107000ED2D23 /* LaunchScreen.storyboard */; };
		F4DE47FF2AA0256B00ED2D23 /* CoreLocation.framework in Frameworks */ = {isa = PBXBuildFile; fileRef = F4DE47FE2AA0256B00ED2D23 /* CoreLocation.framework */; };
		F4DE48012AA026B400ED2D23 /* OpenGLES.framework in Frameworks */ = {isa = PBXBuildFile; fileRef = F4DE48002AA026B300ED2D23 /* OpenGLES.framework */; };
		F4DE48032AA026BE00ED2D23 /* SystemConfiguration.framework in Frameworks */ = {isa = PBXBuildFile; fileRef = F4DE48022AA026BE00ED2D23 /* SystemConfiguration.framework */; };
		F4DE48052AA026C700ED2D23 /* QuartzCore.framework in Frameworks */ = {isa = PBXBuildFile; fileRef = F4DE48042AA026C700ED2D23 /* QuartzCore.framework */; };
		F4DE48072AA026D200ED2D23 /* libc++.tbd in Frameworks */ = {isa = PBXBuildFile; fileRef = F4DE48062AA026D200ED2D23 /* libc++.tbd */; };
		F4DE48092AA026DA00ED2D23 /* libxml2.tbd in Frameworks */ = {isa = PBXBuildFile; fileRef = F4DE48082AA026DA00ED2D23 /* libxml2.tbd */; };
		F4DE480B2AA026E400ED2D23 /* libsqlite3.tbd in Frameworks */ = {isa = PBXBuildFile; fileRef = F4DE480A2AA026E400ED2D23 /* libsqlite3.tbd */; };
		F4DE480D2AA0277700ED2D23 /* UIKit.framework in Frameworks */ = {isa = PBXBuildFile; fileRef = F4DE480C2AA0277700ED2D23 /* UIKit.framework */; };
		F4DE480F2AA0278A00ED2D23 /* Foundation.framework in Frameworks */ = {isa = PBXBuildFile; fileRef = F4DE480E2AA0278A00ED2D23 /* Foundation.framework */; };
		F4DE48112AA0279B00ED2D23 /* CoreGraphics.framework in Frameworks */ = {isa = PBXBuildFile; fileRef = F4DE48102AA0279B00ED2D23 /* CoreGraphics.framework */; };
		F4DE481B2AA02DA300ED2D23 /* FDLocationManager.swift in Sources */ = {isa = PBXBuildFile; fileRef = F4DE481A2AA02DA300ED2D23 /* FDLocationManager.swift */; };
		F4DE481E2AA02E7B00ED2D23 /* SCPrivacy.swift in Sources */ = {isa = PBXBuildFile; fileRef = F4DE481D2AA02E7B00ED2D23 /* SCPrivacy.swift */; };
		F4E2C33D2B6A30A4007D1997 /* MapPolyline.swift in Sources */ = {isa = PBXBuildFile; fileRef = F4E2C33C2B6A30A4007D1997 /* MapPolyline.swift */; };
		F4E6A29A2B2ABEB500C935BF /* PointMap.swift in Sources */ = {isa = PBXBuildFile; fileRef = F4E6A2992B2ABEB500C935BF /* PointMap.swift */; };
		F4F647932DC1F1630028A2C5 /* FDUserDefault.swift in Sources */ = {isa = PBXBuildFile; fileRef = F4F647922DC1F1620028A2C5 /* FDUserDefault.swift */; };
/* End PBXBuildFile section */

/* Begin PBXCopyFilesBuildPhase section */
		F4ACBC182AA179DE009CDA08 /* Embed Frameworks */ = {
			isa = PBXCopyFilesBuildPhase;
			buildActionMask = 2147483647;
			dstPath = "";
			dstSubfolderSpec = 10;
			files = (
			);
			name = "Embed Frameworks";
			runOnlyForDeploymentPostprocessing = 0;
		};
/* End PBXCopyFilesBuildPhase section */

/* Begin PBXFileReference section */
		03AA4355987AC316DDA08C99 /* Pods_SeaThermo.framework */ = {isa = PBXFileReference; explicitFileType = wrapper.framework; includeInIndex = 0; path = Pods_SeaThermo.framework; sourceTree = BUILT_PRODUCTS_DIR; };
		093AC48AA1FF2837E609F8E8 /* RealmManager.swift */ = {isa = PBXFileReference; includeInIndex = 1; lastKnownFileType = sourcecode.swift; path = RealmManager.swift; sourceTree = "<group>"; };
		0962F7FBD82D4CF2A845061E /* DefaultSplashRepository.swift */ = {isa = PBXFileReference; lastKnownFileType = sourcecode.swift; path = DefaultSplashRepository.swift; sourceTree = "<group>"; };
		0D1767FD75604B267DB9FD3F /* DefaultFishingRecordRepository.swift */ = {isa = PBXFileReference; includeInIndex = 1; lastKnownFileType = sourcecode.swift; path = DefaultFishingRecordRepository.swift; sourceTree = "<group>"; };
		113564FC2F51A8AE00F4E38B /* RisaInfoDTO.swift */ = {isa = PBXFileReference; lastKnownFileType = sourcecode.swift; path = RisaInfoDTO.swift; sourceTree = "<group>"; };
		113564FE2F51A8C900F4E38B /* RisaListDTO.swift */ = {isa = PBXFileReference; lastKnownFileType = sourcecode.swift; path = RisaListDTO.swift; sourceTree = "<group>"; };
		11473BE32F56FD8400695EA9 /* OnboardingView.swift */ = {isa = PBXFileReference; lastKnownFileType = sourcecode.swift; path = OnboardingView.swift; sourceTree = "<group>"; };
		11473BE42F56FD8400695EA9 /* OnboardingViewModel.swift */ = {isa = PBXFileReference; lastKnownFileType = sourcecode.swift; path = OnboardingViewModel.swift; sourceTree = "<group>"; };
		1150DFEE2F5E5FAB007C1638 /* Region.swift */ = {isa = PBXFileReference; lastKnownFileType = sourcecode.swift; path = Region.swift; sourceTree = "<group>"; };
		1150DFF02F5E5FB7007C1638 /* RegionDTO.swift */ = {isa = PBXFileReference; lastKnownFileType = sourcecode.swift; path = RegionDTO.swift; sourceTree = "<group>"; };
		1150DFF22F5E66BF007C1638 /* CrawlingCurrentTemperatureView.swift */ = {isa = PBXFileReference; lastKnownFileType = sourcecode.swift; path = CrawlingCurrentTemperatureView.swift; sourceTree = "<group>"; };
		1150DFF32F5E66BF007C1638 /* CrawlingOceanSelectView.swift */ = {isa = PBXFileReference; lastKnownFileType = sourcecode.swift; path = CrawlingOceanSelectView.swift; sourceTree = "<group>"; };
		1150DFF62F5E66DC007C1638 /* CrawlingCurrentTemperatureViewModel.swift */ = {isa = PBXFileReference; lastKnownFileType = sourcecode.swift; path = CrawlingCurrentTemperatureViewModel.swift; sourceTree = "<group>"; };
		1150DFF72F5E66DC007C1638 /* CrawlingOceanSelectViewModel.swift */ = {isa = PBXFileReference; lastKnownFileType = sourcecode.swift; path = CrawlingOceanSelectViewModel.swift; sourceTree = "<group>"; };
		117142662F347384008E79D6 /* HistoryDetailView.swift */ = {isa = PBXFileReference; lastKnownFileType = sourcecode.swift; path = HistoryDetailView.swift; sourceTree = "<group>"; };
		117142682F347394008E79D6 /* HistoryMapView.swift */ = {isa = PBXFileReference; lastKnownFileType = sourcecode.swift; path = HistoryMapView.swift; sourceTree = "<group>"; };
		1171426B2F34739B008E79D6 /* HistoryDetailViewModel.swift */ = {isa = PBXFileReference; lastKnownFileType = sourcecode.swift; path = HistoryDetailViewModel.swift; sourceTree = "<group>"; };
		117618272F33480A00EF9FAF /* CommonPopupView.swift */ = {isa = PBXFileReference; lastKnownFileType = sourcecode.swift; path = CommonPopupView.swift; sourceTree = "<group>"; };
		1176182A2F3364CA00EF9FAF /* HistoryRecordCardView.swift */ = {isa = PBXFileReference; lastKnownFileType = sourcecode.swift; path = HistoryRecordCardView.swift; sourceTree = "<group>"; };
		1176182B2F3364CA00EF9FAF /* HistoryView.swift */ = {isa = PBXFileReference; lastKnownFileType = sourcecode.swift; path = HistoryView.swift; sourceTree = "<group>"; };
		1176182D2F3364CA00EF9FAF /* HistoryViewModel.swift */ = {isa = PBXFileReference; lastKnownFileType = sourcecode.swift; path = HistoryViewModel.swift; sourceTree = "<group>"; };
		117A00232F2DA7C4005C7F82 /* SeaAnalysisViewModel.swift */ = {isa = PBXFileReference; lastKnownFileType = sourcecode.swift; path = SeaAnalysisViewModel.swift; sourceTree = "<group>"; };
		117A00252F2DA7C4005C7F82 /* SeaAnalysisView.swift */ = {isa = PBXFileReference; lastKnownFileType = sourcecode.swift; path = SeaAnalysisView.swift; sourceTree = "<group>"; };
		117A00262F2DA7C4005C7F82 /* SeaRegionCardView.swift */ = {isa = PBXFileReference; lastKnownFileType = sourcecode.swift; path = SeaRegionCardView.swift; sourceTree = "<group>"; };
		117A002C2F2DA7C5005C7F82 /* SeaRegionListViewModel.swift */ = {isa = PBXFileReference; lastKnownFileType = sourcecode.swift; path = SeaRegionListViewModel.swift; sourceTree = "<group>"; };
		117A002E2F2DA7C5005C7F82 /* SeaRegionRowView.swift */ = {isa = PBXFileReference; lastKnownFileType = sourcecode.swift; path = SeaRegionRowView.swift; sourceTree = "<group>"; };
		117A00302F2DA7C5005C7F82 /* SeaRegionListView.swift */ = {isa = PBXFileReference; lastKnownFileType = sourcecode.swift; path = SeaRegionListView.swift; sourceTree = "<group>"; };
		1188DC5C2F4D7E5600CB12C6 /* SplashRepository.swift */ = {isa = PBXFileReference; lastKnownFileType = sourcecode.swift; path = SplashRepository.swift; sourceTree = "<group>"; };
		1188DC5E2F4D7E8600CB12C6 /* FishingRecordRepository.swift */ = {isa = PBXFileReference; lastKnownFileType = sourcecode.swift; path = FishingRecordRepository.swift; sourceTree = "<group>"; };
		1188DC602F4D7EA500CB12C6 /* SplashUseCase.swift */ = {isa = PBXFileReference; lastKnownFileType = sourcecode.swift; path = SplashUseCase.swift; sourceTree = "<group>"; };
		1188DC642F4DA53100CB12C6 /* WebViewConfig.swift */ = {isa = PBXFileReference; lastKnownFileType = sourcecode.swift; path = WebViewConfig.swift; sourceTree = "<group>"; };
		1188DC672F4DA54E00CB12C6 /* SeaThermoWebView.swift */ = {isa = PBXFileReference; lastKnownFileType = sourcecode.swift; path = SeaThermoWebView.swift; sourceTree = "<group>"; };
		1193965B2F59621500F4EB6C /* SeaThermoApp.swift */ = {isa = PBXFileReference; lastKnownFileType = sourcecode.swift; path = SeaThermoApp.swift; sourceTree = "<group>"; };
		1193965E2F59673000F4EB6C /* OceanRegionCardView.swift */ = {isa = PBXFileReference; lastKnownFileType = sourcecode.swift; path = OceanRegionCardView.swift; sourceTree = "<group>"; };
		119396602F59673000F4EB6C /* CurrentTemperatureView.swift */ = {isa = PBXFileReference; lastKnownFileType = sourcecode.swift; path = CurrentTemperatureView.swift; sourceTree = "<group>"; };
		119396612F59673000F4EB6C /* OceanSelectView.swift */ = {isa = PBXFileReference; lastKnownFileType = sourcecode.swift; path = OceanSelectView.swift; sourceTree = "<group>"; };
		119396632F59673000F4EB6C /* CurrentTemperatureViewModel.swift */ = {isa = PBXFileReference; lastKnownFileType = sourcecode.swift; path = CurrentTemperatureViewModel.swift; sourceTree = "<group>"; };
		119396642F59673000F4EB6C /* OceanSelectViewModel.swift */ = {isa = PBXFileReference; lastKnownFileType = sourcecode.swift; path = OceanSelectViewModel.swift; sourceTree = "<group>"; };
		119396672F59673000F4EB6C /* MainTabView.swift */ = {isa = PBXFileReference; lastKnownFileType = sourcecode.swift; path = MainTabView.swift; sourceTree = "<group>"; };
		1193966F2F59912800F4EB6C /* GoogleService-Info.plist */ = {isa = PBXFileReference; lastKnownFileType = text.plist.xml; path = "GoogleService-Info.plist"; sourceTree = "<group>"; };
		1195A5CD2F581289000B7DB2 /* Color.swift */ = {isa = PBXFileReference; lastKnownFileType = sourcecode.swift; path = Color.swift; sourceTree = "<group>"; };
		1195A5CF2F5812CF000B7DB2 /* UIColor+Hex.swift */ = {isa = PBXFileReference; lastKnownFileType = sourcecode.swift; path = "UIColor+Hex.swift"; sourceTree = "<group>"; };
		11DC470B2F5A9BC2004AB305 /* ApplicationDIContainer.swift */ = {isa = PBXFileReference; lastKnownFileType = sourcecode.swift; path = ApplicationDIContainer.swift; sourceTree = "<group>"; };
		11E66EAA2F3B0FBF00AC7B6A /* RecordKakaoMapView.swift */ = {isa = PBXFileReference; lastKnownFileType = sourcecode.swift; path = RecordKakaoMapView.swift; sourceTree = "<group>"; };
		11E66EAB2F3B0FBF00AC7B6A /* RecordKakaoMapViewController.swift */ = {isa = PBXFileReference; lastKnownFileType = sourcecode.swift; path = RecordKakaoMapViewController.swift; sourceTree = "<group>"; };
		11E66EAE2F3B1ED800AC7B6A /* HistoryKakaoMapView.swift */ = {isa = PBXFileReference; lastKnownFileType = sourcecode.swift; path = HistoryKakaoMapView.swift; sourceTree = "<group>"; };
		11E66EAF2F3B1ED800AC7B6A /* HistoryKakaoMapViewController.swift */ = {isa = PBXFileReference; lastKnownFileType = sourcecode.swift; path = HistoryKakaoMapViewController.swift; sourceTree = "<group>"; };
		11FC083E2F35C6CD0067FBAB /* RecordMapView.swift */ = {isa = PBXFileReference; lastKnownFileType = sourcecode.swift; path = RecordMapView.swift; sourceTree = "<group>"; };
		2BF69B7ED4E64B11A3500D56 /* VersionStatus.swift */ = {isa = PBXFileReference; lastKnownFileType = sourcecode.swift; path = VersionStatus.swift; sourceTree = "<group>"; };
		54634800DFF64063ACCC5ED5 /* SplashView.swift */ = {isa = PBXFileReference; lastKnownFileType = sourcecode.swift; path = SplashView.swift; sourceTree = "<group>"; };
		5AE7D787BF4B0606112C412A /* FishingRecordUseCase.swift */ = {isa = PBXFileReference; includeInIndex = 1; lastKnownFileType = sourcecode.swift; path = FishingRecordUseCase.swift; sourceTree = "<group>"; };
		5C5D606CD631AF9E1FFC631E /* SettingViewModel.swift */ = {isa = PBXFileReference; includeInIndex = 1; lastKnownFileType = sourcecode.swift; path = SettingViewModel.swift; sourceTree = "<group>"; };
		60FDD546D39EAF812578B340 /* SeaAnalysisDetailViewModel.swift */ = {isa = PBXFileReference; includeInIndex = 1; lastKnownFileType = sourcecode.swift; path = SeaAnalysisDetailViewModel.swift; sourceTree = "<group>"; };
		7923DDEBCA0435B83A181040 /* Pods-SeaThermo.release.xcconfig */ = {isa = PBXFileReference; includeInIndex = 1; lastKnownFileType = text.xcconfig; name = "Pods-SeaThermo.release.xcconfig"; path = "Target Support Files/Pods-SeaThermo/Pods-SeaThermo.release.xcconfig"; sourceTree = "<group>"; };
		7F9D632B8195470DA96FB3D6 /* VersionCheckDTO.swift */ = {isa = PBXFileReference; lastKnownFileType = sourcecode.swift; path = VersionCheckDTO.swift; sourceTree = "<group>"; };
		84588FAC4A6DAE21D9C8966E /* FishingRecord.swift */ = {isa = PBXFileReference; includeInIndex = 1; lastKnownFileType = sourcecode.swift; path = FishingRecord.swift; sourceTree = "<group>"; };
		907061170C85DB46A0B8579F /* FishingRecordViewModel.swift */ = {isa = PBXFileReference; includeInIndex = 1; lastKnownFileType = sourcecode.swift; path = FishingRecordViewModel.swift; sourceTree = "<group>"; };
		96F2E7BE3E0B35DBDE877066 /* FishingRecordView.swift */ = {isa = PBXFileReference; includeInIndex = 1; lastKnownFileType = sourcecode.swift; path = FishingRecordView.swift; sourceTree = "<group>"; };
		B89BD20FDB4DD5B893E40F89 /* SeaAnalysisDetailView.swift */ = {isa = PBXFileReference; includeInIndex = 1; lastKnownFileType = sourcecode.swift; path = SeaAnalysisDetailView.swift; sourceTree = "<group>"; };
		C9496B21B73A2BB3CBD17F97 /* RealmFishingRecord.swift */ = {isa = PBXFileReference; includeInIndex = 1; lastKnownFileType = sourcecode.swift; path = RealmFishingRecord.swift; sourceTree = "<group>"; };
		CC046A5B2699C9838415D31D /* SettingView.swift */ = {isa = PBXFileReference; includeInIndex = 1; lastKnownFileType = sourcecode.swift; path = SettingView.swift; sourceTree = "<group>"; };
		D4BCE443C568743D082F339C /* TemperatureLineGraphView.swift */ = {isa = PBXFileReference; includeInIndex = 1; lastKnownFileType = sourcecode.swift; path = TemperatureLineGraphView.swift; sourceTree = "<group>"; };
		E032D3F263E0420386394477 /* SplashViewModel.swift */ = {isa = PBXFileReference; lastKnownFileType = sourcecode.swift; path = SplashViewModel.swift; sourceTree = "<group>"; };
		EDA398BA0DAB4D361B4206DB /* Pods-SeaThermo.debug.xcconfig */ = {isa = PBXFileReference; includeInIndex = 1; lastKnownFileType = text.xcconfig; name = "Pods-SeaThermo.debug.xcconfig"; path = "Target Support Files/Pods-SeaThermo/Pods-SeaThermo.debug.xcconfig"; sourceTree = "<group>"; };
		F407170D2DBFAA1F00A433A5 /* UserDefaults.swift */ = {isa = PBXFileReference; lastKnownFileType = sourcecode.swift; path = UserDefaults.swift; sourceTree = "<group>"; };
		F429D9452B9831030049534B /* NetworkService.swift */ = {isa = PBXFileReference; fileEncoding = 4; lastKnownFileType = sourcecode.swift; path = NetworkService.swift; sourceTree = "<group>"; };
		F429D9462B9831030049534B /* Endpoint.swift */ = {isa = PBXFileReference; fileEncoding = 4; lastKnownFileType = sourcecode.swift; path = Endpoint.swift; sourceTree = "<group>"; };
		F43151FC2B1860AE00027BB9 /* AppDIContainer.swift */ = {isa = PBXFileReference; lastKnownFileType = sourcecode.swift; path = AppDIContainer.swift; sourceTree = "<group>"; };
		F480D2622BA2E2A800E1F30D /* WeeklyTemperature.swift */ = {isa = PBXFileReference; lastKnownFileType = sourcecode.swift; path = WeeklyTemperature.swift; sourceTree = "<group>"; };
		F48104412B5FA3BB00F1E1BC /* UIDevice.swift */ = {isa = PBXFileReference; lastKnownFileType = sourcecode.swift; path = UIDevice.swift; sourceTree = "<group>"; };
		F49152712B9951B00000C552 /* CurrentTemperature.swift */ = {isa = PBXFileReference; lastKnownFileType = sourcecode.swift; path = CurrentTemperature.swift; sourceTree = "<group>"; };
		F49152732B9952590000C552 /* OceanUseCase.swift */ = {isa = PBXFileReference; lastKnownFileType = sourcecode.swift; path = OceanUseCase.swift; sourceTree = "<group>"; };
		F49152752B9954D60000C552 /* OceanRepository.swift */ = {isa = PBXFileReference; lastKnownFileType = sourcecode.swift; path = OceanRepository.swift; sourceTree = "<group>"; };
		F49152772B9955680000C552 /* DefaultOceanRepository.swift */ = {isa = PBXFileReference; lastKnownFileType = sourcecode.swift; path = DefaultOceanRepository.swift; sourceTree = "<group>"; };
		F491527C2B99A91E0000C552 /* APIEndpoints.swift */ = {isa = PBXFileReference; lastKnownFileType = sourcecode.swift; path = APIEndpoints.swift; sourceTree = "<group>"; };
		F4950DCC2AAAA36000DD26DE /* FDAppManager.swift */ = {isa = PBXFileReference; lastKnownFileType = sourcecode.swift; path = FDAppManager.swift; sourceTree = "<group>"; };
		F4950DCE2AAAB08100DD26DE /* Date.swift */ = {isa = PBXFileReference; lastKnownFileType = sourcecode.swift; path = Date.swift; sourceTree = "<group>"; };
		F4B270A12B9A91C9007A71D5 /* AppConfiguration.swift */ = {isa = PBXFileReference; lastKnownFileType = sourcecode.swift; path = AppConfiguration.swift; sourceTree = "<group>"; };
		F4C0276E2AB17804007D1900 /* MKPolyline.swift */ = {isa = PBXFileReference; lastKnownFileType = sourcecode.swift; path = MKPolyline.swift; sourceTree = "<group>"; };
		F4C1AD492AB979E300A34386 /* String.swift */ = {isa = PBXFileReference; lastKnownFileType = sourcecode.swift; path = String.swift; sourceTree = "<group>"; };
		F4DE47A62AA0106E00ED2D23 /* SeaThermo.app */ = {isa = PBXFileReference; explicitFileType = wrapper.application; includeInIndex = 0; path = SeaThermo.app; sourceTree = BUILT_PRODUCTS_DIR; };
		F4DE47B22AA0107000ED2D23 /* Assets.xcassets */ = {isa = PBXFileReference; lastKnownFileType = folder.assetcatalog; path = Assets.xcassets; sourceTree = "<group>"; };
		F4DE47B52AA0107000ED2D23 /* Base */ = {isa = PBXFileReference; lastKnownFileType = file.storyboard; name = Base; path = Base.lproj/LaunchScreen.storyboard; sourceTree = "<group>"; };
		F4DE47B72AA0107000ED2D23 /* Info.plist */ = {isa = PBXFileReference; lastKnownFileType = text.plist.xml; path = Info.plist; sourceTree = "<group>"; };
		F4DE47FE2AA0256B00ED2D23 /* CoreLocation.framework */ = {isa = PBXFileReference; lastKnownFileType = wrapper.framework; name = CoreLocation.framework; path = System/Library/Frameworks/CoreLocation.framework; sourceTree = SDKROOT; };
		F4DE48002AA026B300ED2D23 /* OpenGLES.framework */ = {isa = PBXFileReference; lastKnownFileType = wrapper.framework; name = OpenGLES.framework; path = System/Library/Frameworks/OpenGLES.framework; sourceTree = SDKROOT; };
		F4DE48022AA026BE00ED2D23 /* SystemConfiguration.framework */ = {isa = PBXFileReference; lastKnownFileType = wrapper.framework; name = SystemConfiguration.framework; path = System/Library/Frameworks/SystemConfiguration.framework; sourceTree = SDKROOT; };
		F4DE48042AA026C700ED2D23 /* QuartzCore.framework */ = {isa = PBXFileReference; lastKnownFileType = wrapper.framework; name = QuartzCore.framework; path = System/Library/Frameworks/QuartzCore.framework; sourceTree = SDKROOT; };
		F4DE48062AA026D200ED2D23 /* libc++.tbd */ = {isa = PBXFileReference; lastKnownFileType = "sourcecode.text-based-dylib-definition"; name = "libc++.tbd"; path = "usr/lib/libc++.tbd"; sourceTree = SDKROOT; };
		F4DE48082AA026DA00ED2D23 /* libxml2.tbd */ = {isa = PBXFileReference; lastKnownFileType = "sourcecode.text-based-dylib-definition"; name = libxml2.tbd; path = usr/lib/libxml2.tbd; sourceTree = SDKROOT; };
		F4DE480A2AA026E400ED2D23 /* libsqlite3.tbd */ = {isa = PBXFileReference; lastKnownFileType = "sourcecode.text-based-dylib-definition"; name = libsqlite3.tbd; path = usr/lib/libsqlite3.tbd; sourceTree = SDKROOT; };
		F4DE480C2AA0277700ED2D23 /* UIKit.framework */ = {isa = PBXFileReference; lastKnownFileType = wrapper.framework; name = UIKit.framework; path = System/Library/Frameworks/UIKit.framework; sourceTree = SDKROOT; };
		F4DE480E2AA0278A00ED2D23 /* Foundation.framework */ = {isa = PBXFileReference; lastKnownFileType = wrapper.framework; name = Foundation.framework; path = System/Library/Frameworks/Foundation.framework; sourceTree = SDKROOT; };
		F4DE48102AA0279B00ED2D23 /* CoreGraphics.framework */ = {isa = PBXFileReference; lastKnownFileType = wrapper.framework; name = CoreGraphics.framework; path = System/Library/Frameworks/CoreGraphics.framework; sourceTree = SDKROOT; };
		F4DE481A2AA02DA300ED2D23 /* FDLocationManager.swift */ = {isa = PBXFileReference; fileEncoding = 4; lastKnownFileType = sourcecode.swift; path = FDLocationManager.swift; sourceTree = "<group>"; };
		F4DE481D2AA02E7B00ED2D23 /* SCPrivacy.swift */ = {isa = PBXFileReference; fileEncoding = 4; lastKnownFileType = sourcecode.swift; path = SCPrivacy.swift; sourceTree = "<group>"; };
		F4E2C33C2B6A30A4007D1997 /* MapPolyline.swift */ = {isa = PBXFileReference; lastKnownFileType = sourcecode.swift; path = MapPolyline.swift; sourceTree = "<group>"; };
		F4E6A2992B2ABEB500C935BF /* PointMap.swift */ = {isa = PBXFileReference; lastKnownFileType = sourcecode.swift; path = PointMap.swift; sourceTree = "<group>"; };
		F4F647922DC1F1620028A2C5 /* FDUserDefault.swift */ = {isa = PBXFileReference; lastKnownFileType = sourcecode.swift; path = FDUserDefault.swift; sourceTree = "<group>"; };
/* End PBXFileReference section */

/* Begin PBXFrameworksBuildPhase section */
		F4DE47A32AA0106E00ED2D23 /* Frameworks */ = {
			isa = PBXFrameworksBuildPhase;
			buildActionMask = 2147483647;
			files = (
				F4DE480B2AA026E400ED2D23 /* libsqlite3.tbd in Frameworks */,
				F4DE48092AA026DA00ED2D23 /* libxml2.tbd in Frameworks */,
				F4DE48072AA026D200ED2D23 /* libc++.tbd in Frameworks */,
				F4DE48012AA026B400ED2D23 /* OpenGLES.framework in Frameworks */,
				F4DE48052AA026C700ED2D23 /* QuartzCore.framework in Frameworks */,
				F4DE47FF2AA0256B00ED2D23 /* CoreLocation.framework in Frameworks */,
				F4DE48032AA026BE00ED2D23 /* SystemConfiguration.framework in Frameworks */,
				F4DE480D2AA0277700ED2D23 /* UIKit.framework in Frameworks */,
				F4DE480F2AA0278A00ED2D23 /* Foundation.framework in Frameworks */,
				F4DE48112AA0279B00ED2D23 /* CoreGraphics.framework in Frameworks */,
				569F048024BBD429EC11659B /* Pods_SeaThermo.framework in Frameworks */,
			);
			runOnlyForDeploymentPostprocessing = 0;
		};
/* End PBXFrameworksBuildPhase section */

/* Begin PBXGroup section */
		11473BE52F56FD8400695EA9 /* Onboarding */ = {
			isa = PBXGroup;
			children = (
				11473BE32F56FD8400695EA9 /* OnboardingView.swift */,
				11473BE42F56FD8400695EA9 /* OnboardingViewModel.swift */,
			);
			path = Onboarding;
			sourceTree = "<group>";
		};
		117142692F347394008E79D6 /* Components */ = {
			isa = PBXGroup;
			children = (
				11E66EAE2F3B1ED800AC7B6A /* HistoryKakaoMapView.swift */,
				11E66EAF2F3B1ED800AC7B6A /* HistoryKakaoMapViewController.swift */,
				117142682F347394008E79D6 /* HistoryMapView.swift */,
			);
			path = Components;
			sourceTree = "<group>";
		};
		117618282F33480A00EF9FAF /* Components */ = {
			isa = PBXGroup;
			children = (
				117618272F33480A00EF9FAF /* CommonPopupView.swift */,
			);
			path = Components;
			sourceTree = "<group>";
		};
		1176182C2F3364CA00EF9FAF /* View */ = {
			isa = PBXGroup;
			children = (
				117142692F347394008E79D6 /* Components */,
				117142662F347384008E79D6 /* HistoryDetailView.swift */,
				1176182A2F3364CA00EF9FAF /* HistoryRecordCardView.swift */,
				1176182B2F3364CA00EF9FAF /* HistoryView.swift */,
			);
			path = View;
			sourceTree = "<group>";
		};
		1176182E2F3364CA00EF9FAF /* ViewModel */ = {
			isa = PBXGroup;
			children = (
				1171426B2F34739B008E79D6 /* HistoryDetailViewModel.swift */,
				1176182D2F3364CA00EF9FAF /* HistoryViewModel.swift */,
			);
			path = ViewModel;
			sourceTree = "<group>";
		};
		1176182F2F3364CA00EF9FAF /* History */ = {
			isa = PBXGroup;
			children = (
				1176182C2F3364CA00EF9FAF /* View */,
				1176182E2F3364CA00EF9FAF /* ViewModel */,
			);
			path = History;
			sourceTree = "<group>";
		};
		117A00242F2DA7C4005C7F82 /* ViewModel */ = {
			isa = PBXGroup;
			children = (
				117A00232F2DA7C4005C7F82 /* SeaAnalysisViewModel.swift */,
				117A002C2F2DA7C5005C7F82 /* SeaRegionListViewModel.swift */,
				60FDD546D39EAF812578B340 /* SeaAnalysisDetailViewModel.swift */,
			);
			path = ViewModel;
			sourceTree = "<group>";
		};
		117A00272F2DA7C4005C7F82 /* SeaAnalysis */ = {
			isa = PBXGroup;
			children = (
				43FACE516AE4ED4DDA39ECCD /* Components */,
				117A00242F2DA7C4005C7F82 /* ViewModel */,
				117A00252F2DA7C4005C7F82 /* SeaAnalysisView.swift */,
				117A00262F2DA7C4005C7F82 /* SeaRegionCardView.swift */,
				117A002E2F2DA7C5005C7F82 /* SeaRegionRowView.swift */,
				117A00302F2DA7C5005C7F82 /* SeaRegionListView.swift */,
				B89BD20FDB4DD5B893E40F89 /* SeaAnalysisDetailView.swift */,
			);
			path = SeaAnalysis;
			sourceTree = "<group>";
		};
		1188DC5B2F4D7D3000CB12C6 /* Recovered References */ = {
			isa = PBXGroup;
			children = (
			);
			name = "Recovered References";
			sourceTree = "<group>";
		};
		1188DC652F4DA53100CB12C6 /* WebView */ = {
			isa = PBXGroup;
			children = (
				1188DC642F4DA53100CB12C6 /* WebViewConfig.swift */,
			);
			path = WebView;
			sourceTree = "<group>";
		};
		1188DC682F4DA54E00CB12C6 /* WebView */ = {
			isa = PBXGroup;
			children = (
				1188DC672F4DA54E00CB12C6 /* SeaThermoWebView.swift */,
			);
			path = WebView;
			sourceTree = "<group>";
		};
		1188DC692F4DA54E00CB12C6 /* Common */ = {
			isa = PBXGroup;
			children = (
				1188DC682F4DA54E00CB12C6 /* WebView */,
			);
			path = Common;
			sourceTree = "<group>";
		};
		1193965F2F59673000F4EB6C /* Components */ = {
			isa = PBXGroup;
			children = (
				1193965E2F59673000F4EB6C /* OceanRegionCardView.swift */,
			);
			path = Components;
			sourceTree = "<group>";
		};
		119396622F59673000F4EB6C /* View */ = {
			isa = PBXGroup;
			children = (
				1150DFF22F5E66BF007C1638 /* CrawlingCurrentTemperatureView.swift */,
				1150DFF32F5E66BF007C1638 /* CrawlingOceanSelectView.swift */,
				119396602F59673000F4EB6C /* CurrentTemperatureView.swift */,
				119396612F59673000F4EB6C /* OceanSelectView.swift */,
			);
			path = View;
			sourceTree = "<group>";
		};
		119396652F59673000F4EB6C /* ViewModel */ = {
			isa = PBXGroup;
			children = (
				1150DFF62F5E66DC007C1638 /* CrawlingCurrentTemperatureViewModel.swift */,
				1150DFF72F5E66DC007C1638 /* CrawlingOceanSelectViewModel.swift */,
				119396632F59673000F4EB6C /* CurrentTemperatureViewModel.swift */,
				119396642F59673000F4EB6C /* OceanSelectViewModel.swift */,
			);
			path = ViewModel;
			sourceTree = "<group>";
		};
		119396662F59673000F4EB6C /* CurrentTemperature */ = {
			isa = PBXGroup;
			children = (
				1193965F2F59673000F4EB6C /* Components */,
				119396622F59673000F4EB6C /* View */,
				119396652F59673000F4EB6C /* ViewModel */,
			);
			path = CurrentTemperature;
			sourceTree = "<group>";
		};
		119396682F59673000F4EB6C /* MainTab */ = {
			isa = PBXGroup;
			children = (
				119396672F59673000F4EB6C /* MainTabView.swift */,
			);
			path = MainTab;
			sourceTree = "<group>";
		};
		11FC083F2F35C6CD0067FBAB /* Components */ = {
			isa = PBXGroup;
			children = (
				11E66EAA2F3B0FBF00AC7B6A /* RecordKakaoMapView.swift */,
				11E66EAB2F3B0FBF00AC7B6A /* RecordKakaoMapViewController.swift */,
				11FC083E2F35C6CD0067FBAB /* RecordMapView.swift */,
			);
			path = Components;
			sourceTree = "<group>";
		};
		14A6C90E4B6D27A7F5BDC4A8 /* RealmStorage */ = {
			isa = PBXGroup;
			children = (
				093AC48AA1FF2837E609F8E8 /* RealmManager.swift */,
				1BCE3868D54F1D5FE6C7F5E4 /* Entities */,
			);
			path = RealmStorage;
			sourceTree = "<group>";
		};
		17A52C297C3FDC91F4560C66 /* FishingRecord */ = {
			isa = PBXGroup;
			children = (
				64CFDE57075E139C0A06C485 /* ViewModel */,
				4E8E4FB61E41F9B6E72F0AE8 /* View */,
			);
			path = FishingRecord;
			sourceTree = "<group>";
		};
		1A49441F53CDCBB62B6A9456 /* Pods */ = {
			isa = PBXGroup;
			children = (
				EDA398BA0DAB4D361B4206DB /* Pods-SeaThermo.debug.xcconfig */,
				7923DDEBCA0435B83A181040 /* Pods-SeaThermo.release.xcconfig */,
			);
			path = Pods;
			sourceTree = "<group>";
		};
		1BCE3868D54F1D5FE6C7F5E4 /* Entities */ = {
			isa = PBXGroup;
			children = (
				C9496B21B73A2BB3CBD17F97 /* RealmFishingRecord.swift */,
			);
			path = Entities;
			sourceTree = "<group>";
		};
		43FACE516AE4ED4DDA39ECCD /* Components */ = {
			isa = PBXGroup;
			children = (
				D4BCE443C568743D082F339C /* TemperatureLineGraphView.swift */,
			);
			path = Components;
			sourceTree = "<group>";
		};
		4E8E4FB61E41F9B6E72F0AE8 /* View */ = {
			isa = PBXGroup;
			children = (
				11FC083F2F35C6CD0067FBAB /* Components */,
				96F2E7BE3E0B35DBDE877066 /* FishingRecordView.swift */,
			);
			path = View;
			sourceTree = "<group>";
		};
		5FABD669313B4FEAB92170A2 /* ViewModel */ = {
			isa = PBXGroup;
			children = (
				E032D3F263E0420386394477 /* SplashViewModel.swift */,
			);
			path = ViewModel;
			sourceTree = "<group>";
		};
		64CFDE57075E139C0A06C485 /* ViewModel */ = {
			isa = PBXGroup;
			children = (
				907061170C85DB46A0B8579F /* FishingRecordViewModel.swift */,
			);
			path = ViewModel;
			sourceTree = "<group>";
		};
		87794175869B1AE4FEA87773 /* PersistentStorages */ = {
			isa = PBXGroup;
			children = (
				14A6C90E4B6D27A7F5BDC4A8 /* RealmStorage */,
			);
			path = PersistentStorages;
			sourceTree = "<group>";
		};
		90C46857C8E4A5379CD6E3DC /* Setting */ = {
			isa = PBXGroup;
			children = (
				E4A77780F010214A118863BA /* ViewModel */,
				CC046A5B2699C9838415D31D /* SettingView.swift */,
			);
			path = Setting;
			sourceTree = "<group>";
		};
		E4A77780F010214A118863BA /* ViewModel */ = {
			isa = PBXGroup;
			children = (
				5C5D606CD631AF9E1FFC631E /* SettingViewModel.swift */,
			);
			path = ViewModel;
			sourceTree = "<group>";
		};
		F429D9422B9831030049534B /* Infrastructure */ = {
			isa = PBXGroup;
			children = (
				1188DC652F4DA53100CB12C6 /* WebView */,
				F429D9432B9831030049534B /* Network */,
			);
			path = Infrastructure;
			sourceTree = "<group>";
		};
		F429D9432B9831030049534B /* Network */ = {
			isa = PBXGroup;
			children = (
				F429D9452B9831030049534B /* NetworkService.swift */,
				F429D9462B9831030049534B /* Endpoint.swift */,
			);
			path = Network;
			sourceTree = "<group>";
		};
		F43151EE2B185AD200027BB9 /* Data */ = {
			isa = PBXGroup;
			children = (
				F491527B2B99A9080000C552 /* Network */,
				F43151EF2B185AD200027BB9 /* Repositories */,
				87794175869B1AE4FEA87773 /* PersistentStorages */,
			);
			path = Data;
			sourceTree = "<group>";
		};
		F43151EF2B185AD200027BB9 /* Repositories */ = {
			isa = PBXGroup;
			children = (
				F49152772B9955680000C552 /* DefaultOceanRepository.swift */,
				0D1767FD75604B267DB9FD3F /* DefaultFishingRecordRepository.swift */,
				0962F7FBD82D4CF2A845061E /* DefaultSplashRepository.swift */,
			);
			path = Repositories;
			sourceTree = "<group>";
		};
		F43151F02B185AD200027BB9 /* Domain */ = {
			isa = PBXGroup;
			children = (
				F43151F22B185AD200027BB9 /* Entities */,
				F43151F32B185AD200027BB9 /* Interfaces */,
				F43151F12B185AD200027BB9 /* UseCases */,
			);
			path = Domain;
			sourceTree = "<group>";
		};
		F43151F12B185AD200027BB9 /* UseCases */ = {
			isa = PBXGroup;
			children = (
				1188DC602F4D7EA500CB12C6 /* SplashUseCase.swift */,
				F49152732B9952590000C552 /* OceanUseCase.swift */,
				5AE7D787BF4B0606112C412A /* FishingRecordUseCase.swift */,
			);
			path = UseCases;
			sourceTree = "<group>";
		};
		F43151F22B185AD200027BB9 /* Entities */ = {
			isa = PBXGroup;
			children = (
				1150DFEE2F5E5FAB007C1638 /* Region.swift */,
				2BF69B7ED4E64B11A3500D56 /* VersionStatus.swift */,
				F49152712B9951B00000C552 /* CurrentTemperature.swift */,
				F480D2622BA2E2A800E1F30D /* WeeklyTemperature.swift */,
				84588FAC4A6DAE21D9C8966E /* FishingRecord.swift */,
				F4E6A2992B2ABEB500C935BF /* PointMap.swift */,
			);
			path = Entities;
			sourceTree = "<group>";
		};
		F43151F32B185AD200027BB9 /* Interfaces */ = {
			isa = PBXGroup;
			children = (
				1188DC5E2F4D7E8600CB12C6 /* FishingRecordRepository.swift */,
				1188DC5C2F4D7E5600CB12C6 /* SplashRepository.swift */,
				F49152752B9954D60000C552 /* OceanRepository.swift */,
			);
			path = Interfaces;
			sourceTree = "<group>";
		};
		F43151F42B185AD200027BB9 /* Presentation */ = {
			isa = PBXGroup;
			children = (
				1188DC692F4DA54E00CB12C6 /* Common */,
				FC62A22BA53442348906F7B9 /* Splash */,
				11473BE52F56FD8400695EA9 /* Onboarding */,
				119396682F59673000F4EB6C /* MainTab */,
				119396662F59673000F4EB6C /* CurrentTemperature */,
				117A00272F2DA7C4005C7F82 /* SeaAnalysis */,
				17A52C297C3FDC91F4560C66 /* FishingRecord */,
				1176182F2F3364CA00EF9FAF /* History */,
				90C46857C8E4A5379CD6E3DC /* Setting */,
			);
			path = Presentation;
			sourceTree = "<group>";
		};
		F43151F82B18601A00027BB9 /* Application */ = {
			isa = PBXGroup;
			children = (
				F43151F92B18603500027BB9 /* DIContainer */,
				1193965B2F59621500F4EB6C /* SeaThermoApp.swift */,
				F4B270A12B9A91C9007A71D5 /* AppConfiguration.swift */,
			);
			path = Application;
			sourceTree = "<group>";
		};
		F43151F92B18603500027BB9 /* DIContainer */ = {
			isa = PBXGroup;
			children = (
				11DC470B2F5A9BC2004AB305 /* ApplicationDIContainer.swift */,
				F43151FC2B1860AE00027BB9 /* AppDIContainer.swift */,
			);
			path = DIContainer;
			sourceTree = "<group>";
		};
		F491527B2B99A9080000C552 /* Network */ = {
			isa = PBXGroup;
			children = (
				F491527E2B99AA1A0000C552 /* DTOs */,
				F491527C2B99A91E0000C552 /* APIEndpoints.swift */,
			);
			path = Network;
			sourceTree = "<group>";
		};
		F491527E2B99AA1A0000C552 /* DTOs */ = {
			isa = PBXGroup;
			children = (
				1150DFF02F5E5FB7007C1638 /* RegionDTO.swift */,
				113564FE2F51A8C900F4E38B /* RisaListDTO.swift */,
				113564FC2F51A8AE00F4E38B /* RisaInfoDTO.swift */,
				7F9D632B8195470DA96FB3D6 /* VersionCheckDTO.swift */,
			);
			path = DTOs;
			sourceTree = "<group>";
		};
		F4DE479D2AA0106E00ED2D23 = {
			isa = PBXGroup;
			children = (
				F4DE47A82AA0106E00ED2D23 /* SeaThermo */,
				F4DE47A72AA0106E00ED2D23 /* Products */,
				F4DE47FD2AA0256A00ED2D23 /* Frameworks */,
				1A49441F53CDCBB62B6A9456 /* Pods */,
				1188DC5B2F4D7D3000CB12C6 /* Recovered References */,
			);
			sourceTree = "<group>";
		};
		F4DE47A72AA0106E00ED2D23 /* Products */ = {
			isa = PBXGroup;
			children = (
				F4DE47A62AA0106E00ED2D23 /* SeaThermo.app */,
			);
			name = Products;
			sourceTree = "<group>";
		};
		F4DE47A82AA0106E00ED2D23 /* SeaThermo */ = {
			isa = PBXGroup;
			children = (
				1193966F2F59912800F4EB6C /* GoogleService-Info.plist */,
				F429D9422B9831030049534B /* Infrastructure */,
				F43151F82B18601A00027BB9 /* Application */,
				F43151EE2B185AD200027BB9 /* Data */,
				F43151F02B185AD200027BB9 /* Domain */,
				F43151F42B185AD200027BB9 /* Presentation */,
				F4DE48242AA04ECB00ED2D23 /* Common */,
				F4DE481C2AA02E6500ED2D23 /* Utility */,
				F4DE48192AA02DA300ED2D23 /* Managers */,
				F4DE47B22AA0107000ED2D23 /* Assets.xcassets */,
				F4DE47B42AA0107000ED2D23 /* LaunchScreen.storyboard */,
				F4DE47B72AA0107000ED2D23 /* Info.plist */,
			);
			path = SeaThermo;
			sourceTree = "<group>";
		};
		F4DE47FD2AA0256A00ED2D23 /* Frameworks */ = {
			isa = PBXGroup;
			children = (
				F4DE48102AA0279B00ED2D23 /* CoreGraphics.framework */,
				F4DE480E2AA0278A00ED2D23 /* Foundation.framework */,
				F4DE480C2AA0277700ED2D23 /* UIKit.framework */,
				F4DE480A2AA026E400ED2D23 /* libsqlite3.tbd */,
				F4DE48082AA026DA00ED2D23 /* libxml2.tbd */,
				F4DE48062AA026D200ED2D23 /* libc++.tbd */,
				F4DE48042AA026C700ED2D23 /* QuartzCore.framework */,
				F4DE48022AA026BE00ED2D23 /* SystemConfiguration.framework */,
				F4DE48002AA026B300ED2D23 /* OpenGLES.framework */,
				F4DE47FE2AA0256B00ED2D23 /* CoreLocation.framework */,
				03AA4355987AC316DDA08C99 /* Pods_SeaThermo.framework */,
			);
			name = Frameworks;
			sourceTree = "<group>";
		};
		F4DE48192AA02DA300ED2D23 /* Managers */ = {
			isa = PBXGroup;
			children = (
				F4DE481A2AA02DA300ED2D23 /* FDLocationManager.swift */,
				F4950DCC2AAAA36000DD26DE /* FDAppManager.swift */,
			);
			path = Managers;
			sourceTree = "<group>";
		};
		F4DE481C2AA02E6500ED2D23 /* Utility */ = {
			isa = PBXGroup;
			children = (
				F4DE481D2AA02E7B00ED2D23 /* SCPrivacy.swift */,
			);
			path = Utility;
			sourceTree = "<group>";
		};
		F4DE481F2AA041B200ED2D23 /* Extentions */ = {
			isa = PBXGroup;
			children = (
				1195A5CF2F5812CF000B7DB2 /* UIColor+Hex.swift */,
				1195A5CD2F581289000B7DB2 /* Color.swift */,
				F4950DCE2AAAB08100DD26DE /* Date.swift */,
				F4C0276E2AB17804007D1900 /* MKPolyline.swift */,
				F4C1AD492AB979E300A34386 /* String.swift */,
				F48104412B5FA3BB00F1E1BC /* UIDevice.swift */,
				F4E2C33C2B6A30A4007D1997 /* MapPolyline.swift */,
				F407170D2DBFAA1F00A433A5 /* UserDefaults.swift */,
			);
			path = Extentions;
			sourceTree = "<group>";
		};
		F4DE48242AA04ECB00ED2D23 /* Common */ = {
			isa = PBXGroup;
			children = (
				117618282F33480A00EF9FAF /* Components */,
				F4F647912DC1E9AA0028A2C5 /* Utils */,
				F4DE481F2AA041B200ED2D23 /* Extentions */,
			);
			path = Common;
			sourceTree = "<group>";
		};
		F4F647912DC1E9AA0028A2C5 /* Utils */ = {
			isa = PBXGroup;
			children = (
				F4F647922DC1F1620028A2C5 /* FDUserDefault.swift */,
			);
			path = Utils;
			sourceTree = "<group>";
		};
		FC62A22BA53442348906F7B9 /* Splash */ = {
			isa = PBXGroup;
			children = (
				5FABD669313B4FEAB92170A2 /* ViewModel */,
				54634800DFF64063ACCC5ED5 /* SplashView.swift */,
			);
			path = Splash;
			sourceTree = "<group>";
		};
/* End PBXGroup section */

/* Begin PBXNativeTarget section */
		F4DE47A52AA0106E00ED2D23 /* SeaThermo */ = {
			isa = PBXNativeTarget;
			buildConfigurationList = F4DE47BA2AA0107000ED2D23 /* Build configuration list for PBXNativeTarget "SeaThermo" */;
			buildPhases = (
				28DB87370606F99FC1473044 /* [CP] Check Pods Manifest.lock */,
				F4DE47A22AA0106E00ED2D23 /* Sources */,
				F4DE47A32AA0106E00ED2D23 /* Frameworks */,
				F4DE47A42AA0106E00ED2D23 /* Resources */,
				F4ACBC182AA179DE009CDA08 /* Embed Frameworks */,
				F13ABBF247775D1BFBD22050 /* [CP] Embed Pods Frameworks */,
				845EF99AE53582BE06C4C356 /* [CP] Copy Pods Resources */,
				11A6ED9B2F767DE6009FA58B /* ShellScript */,
			);
			buildRules = (
			);
			dependencies = (
			);
			name = SeaThermo;
			productName = SeaThermo;
			productReference = F4DE47A62AA0106E00ED2D23 /* SeaThermo.app */;
			productType = "com.apple.product-type.application";
		};
/* End PBXNativeTarget section */

/* Begin PBXProject section */
		F4DE479E2AA0106E00ED2D23 /* Project object */ = {
			isa = PBXProject;
			attributes = {
				BuildIndependentTargetsInParallel = 1;
				LastSwiftUpdateCheck = 1400;
				LastUpgradeCheck = 1400;
				TargetAttributes = {
					F4DE47A52AA0106E00ED2D23 = {
						CreatedOnToolsVersion = 14.0;
					};
				};
			};
			buildConfigurationList = F4DE47A12AA0106E00ED2D23 /* Build configuration list for PBXProject "SeaThermo" */;
			compatibilityVersion = "Xcode 14.0";
			developmentRegion = en;
			hasScannedForEncodings = 0;
			knownRegions = (
				en,
				Base,
			);
			mainGroup = F4DE479D2AA0106E00ED2D23;
			productRefGroup = F4DE47A72AA0106E00ED2D23 /* Products */;
			projectDirPath = "";
			projectRoot = "";
			targets = (
				F4DE47A52AA0106E00ED2D23 /* SeaThermo */,
			);
		};
/* End PBXProject section */

/* Begin PBXResourcesBuildPhase section */
		F4DE47A42AA0106E00ED2D23 /* Resources */ = {
			isa = PBXResourcesBuildPhase;
			buildActionMask = 2147483647;
			files = (
				F4DE47B62AA0107000ED2D23 /* LaunchScreen.storyboard in Resources */,
				119396702F59912800F4EB6C /* GoogleService-Info.plist in Resources */,
				F4DE47B32AA0107000ED2D23 /* Assets.xcassets in Resources */,
			);
			runOnlyForDeploymentPostprocessing = 0;
		};
/* End PBXResourcesBuildPhase section */

/* Begin PBXShellScriptBuildPhase section */
		11A6ED9B2F767DE6009FA58B /* ShellScript */ = {
			isa = PBXShellScriptBuildPhase;
			buildActionMask = 2147483647;
			files = (
			);
			inputFileListPaths = (
			);
			inputPaths = (
				"${DWARF_DSYM_FOLDER_PATH}/${DWARF_DSYM_FILE_NAME}",
				"$(SRCROOT)/$(BUILT_PRODUCTS_DIR)/$(INFOPLIST_PATH)",
			);
			outputFileListPaths = (
			);
			outputPaths = (
			);
			runOnlyForDeploymentPostprocessing = 0;
			shellPath = /bin/sh;
			shellScript = "\"${PODS_ROOT}/FirebaseCrashlytics/run\"\n";
		};
		28DB87370606F99FC1473044 /* [CP] Check Pods Manifest.lock */ = {
			isa = PBXShellScriptBuildPhase;
			buildActionMask = 2147483647;
			files = (
			);
			inputFileListPaths = (
			);
			inputPaths = (
				"${PODS_PODFILE_DIR_PATH}/Podfile.lock",
				"${PODS_ROOT}/Manifest.lock",
			);
			name = "[CP] Check Pods Manifest.lock";
			outputFileListPaths = (
			);
			outputPaths = (
				"$(DERIVED_FILE_DIR)/Pods-SeaThermo-checkManifestLockResult.txt",
			);
			runOnlyForDeploymentPostprocessing = 0;
			shellPath = /bin/sh;
			shellScript = "diff \"${PODS_PODFILE_DIR_PATH}/Podfile.lock\" \"${PODS_ROOT}/Manifest.lock\" > /dev/null\nif [ $? != 0 ] ; then\n    # print error to STDERR\n    echo \"error: The sandbox is not in sync with the Podfile.lock. Run 'pod install' or update your CocoaPods installation.\" >&2\n    exit 1\nfi\n# This output is used by Xcode 'outputs' to avoid re-running this script phase.\necho \"SUCCESS\" > \"${SCRIPT_OUTPUT_FILE_0}\"\n";
			showEnvVarsInLog = 0;
		};
		845EF99AE53582BE06C4C356 /* [CP] Copy Pods Resources */ = {
			isa = PBXShellScriptBuildPhase;
			buildActionMask = 2147483647;
			files = (
			);
			inputFileListPaths = (
				"${PODS_ROOT}/Target Support Files/Pods-SeaThermo/Pods-SeaThermo-resources-${CONFIGURATION}-input-files.xcfilelist",
			);
			inputPaths = (
			);
			name = "[CP] Copy Pods Resources";
			outputFileListPaths = (
				"${PODS_ROOT}/Target Support Files/Pods-SeaThermo/Pods-SeaThermo-resources-${CONFIGURATION}-output-files.xcfilelist",
			);
			outputPaths = (
			);
			runOnlyForDeploymentPostprocessing = 0;
			shellPath = /bin/sh;
			shellScript = "\"${PODS_ROOT}/Target Support Files/Pods-SeaThermo/Pods-SeaThermo-resources.sh\"\n";
			showEnvVarsInLog = 0;
		};
		F13ABBF247775D1BFBD22050 /* [CP] Embed Pods Frameworks */ = {
			isa = PBXShellScriptBuildPhase;
			buildActionMask = 2147483647;
			files = (
			);
			inputFileListPaths = (
				"${PODS_ROOT}/Target Support Files/Pods-SeaThermo/Pods-SeaThermo-frameworks-${CONFIGURATION}-input-files.xcfilelist",
			);
			inputPaths = (
			);
			name = "[CP] Embed Pods Frameworks";
			outputFileListPaths = (
				"${PODS_ROOT}/Target Support Files/Pods-SeaThermo/Pods-SeaThermo-frameworks-${CONFIGURATION}-output-files.xcfilelist",
			);
			outputPaths = (
			);
			runOnlyForDeploymentPostprocessing = 0;
			shellPath = /bin/sh;
			shellScript = "\"${PODS_ROOT}/Target Support Files/Pods-SeaThermo/Pods-SeaThermo-frameworks.sh\"\n";
			showEnvVarsInLog = 0;
		};
/* End PBXShellScriptBuildPhase section */

/* Begin PBXSourcesBuildPhase section */
		F4DE47A22AA0106E00ED2D23 /* Sources */ = {
			isa = PBXSourcesBuildPhase;
			buildActionMask = 2147483647;
			files = (
				F49152782B9955680000C552 /* DefaultOceanRepository.swift in Sources */,
				1171426C2F34739B008E79D6 /* HistoryDetailViewModel.swift in Sources */,
				F4C1AD4A2AB979E300A34386 /* String.swift in Sources */,
				11E66EB02F3B1ED800AC7B6A /* HistoryKakaoMapViewController.swift in Sources */,
				11E66EB12F3B1ED800AC7B6A /* HistoryKakaoMapView.swift in Sources */,
				1195A5CE2F581289000B7DB2 /* Color.swift in Sources */,
				117A00282F2DA7C4005C7F82 /* SeaAnalysisView.swift in Sources */,
				117A00292F2DA7C4005C7F82 /* SeaRegionCardView.swift in Sources */,
				1195A5D02F5812CF000B7DB2 /* UIColor+Hex.swift in Sources */,
				117A002A2F2DA7C4005C7F82 /* SeaAnalysisViewModel.swift in Sources */,
				117A002B2F2DA7C5005C7F82 /* SeaRegionListViewModel.swift in Sources */,
				117A002D2F2DA7C5005C7F82 /* SeaRegionRowView.swift in Sources */,
				117A002F2F2DA7C5005C7F82 /* SeaRegionListView.swift in Sources */,
				113565002F51A8C900F4E38B /* RisaListDTO.swift in Sources */,
				F49152762B9954D70000C552 /* OceanRepository.swift in Sources */,
				F49152722B9951B00000C552 /* CurrentTemperature.swift in Sources */,
				F4B270A22B9A91C9007A71D5 /* AppConfiguration.swift in Sources */,
				1171426A2F347394008E79D6 /* HistoryMapView.swift in Sources */,
				1150DFEF2F5E5FAB007C1638 /* Region.swift in Sources */,
				117618292F33480A00EF9FAF /* CommonPopupView.swift in Sources */,
				11E66EAC2F3B0FBF00AC7B6A /* RecordKakaoMapView.swift in Sources */,
				11E66EAD2F3B0FBF00AC7B6A /* RecordKakaoMapViewController.swift in Sources */,
				F4E2C33D2B6A30A4007D1997 /* MapPolyline.swift in Sources */,
				F480D2632BA2E2A800E1F30D /* WeeklyTemperature.swift in Sources */,
				F429D94A2B9831030049534B /* Endpoint.swift in Sources */,
				F48104422B5FA3BB00F1E1BC /* UIDevice.swift in Sources */,
				F4DE481E2AA02E7B00ED2D23 /* SCPrivacy.swift in Sources */,
				F49152742B9952590000C552 /* OceanUseCase.swift in Sources */,
				F43151FD2B1860AE00027BB9 /* AppDIContainer.swift in Sources */,
				1150DFF12F5E5FB7007C1638 /* RegionDTO.swift in Sources */,
				F429D9492B9831030049534B /* NetworkService.swift in Sources */,
				1188DC5F2F4D7E8600CB12C6 /* FishingRecordRepository.swift in Sources */,
				F4F647932DC1F1630028A2C5 /* FDUserDefault.swift in Sources */,
				F4C0276F2AB17804007D1900 /* MKPolyline.swift in Sources */,
				1150DFF82F5E66DC007C1638 /* CrawlingCurrentTemperatureViewModel.swift in Sources */,
				1150DFF92F5E66DC007C1638 /* CrawlingOceanSelectViewModel.swift in Sources */,
				117142672F347384008E79D6 /* HistoryDetailView.swift in Sources */,
				113564FD2F51A8AE00F4E38B /* RisaInfoDTO.swift in Sources */,
				1188DC662F4DA53100CB12C6 /* WebViewConfig.swift in Sources */,
				F4DE481B2AA02DA300ED2D23 /* FDLocationManager.swift in Sources */,
				11473BE62F56FD8400695EA9 /* OnboardingView.swift in Sources */,
				11473BE72F56FD8400695EA9 /* OnboardingViewModel.swift in Sources */,
				F491527D2B99A91E0000C552 /* APIEndpoints.swift in Sources */,
				F407170E2DBFAA1F00A433A5 /* UserDefaults.swift in Sources */,
				1188DC5D2F4D7E5600CB12C6 /* SplashRepository.swift in Sources */,
				F4E6A29A2B2ABEB500C935BF /* PointMap.swift in Sources */,
				F4950DCF2AAAB08100DD26DE /* Date.swift in Sources */,
				11DC470C2F5A9BC2004AB305 /* ApplicationDIContainer.swift in Sources */,
				119396692F59673000F4EB6C /* MainTabView.swift in Sources */,
				1193966A2F59673000F4EB6C /* CurrentTemperatureView.swift in Sources */,
				1193966B2F59673000F4EB6C /* OceanRegionCardView.swift in Sources */,
				1193966C2F59673000F4EB6C /* CurrentTemperatureViewModel.swift in Sources */,
				1193966D2F59673000F4EB6C /* OceanSelectView.swift in Sources */,
				1193966E2F59673000F4EB6C /* OceanSelectViewModel.swift in Sources */,
				F4950DCD2AAAA36000DD26DE /* FDAppManager.swift in Sources */,
				117618302F3364CA00EF9FAF /* HistoryRecordCardView.swift in Sources */,
				117618312F3364CA00EF9FAF /* HistoryView.swift in Sources */,
				1188DC6A2F4DA54E00CB12C6 /* SeaThermoWebView.swift in Sources */,
				117618322F3364CA00EF9FAF /* HistoryViewModel.swift in Sources */,
				1188DC612F4D7EA500CB12C6 /* SplashUseCase.swift in Sources */,
				11FC08402F35C6CD0067FBAB /* RecordMapView.swift in Sources */,
				0BF29263C5B25FD2C6EF9558 /* SeaAnalysisDetailView.swift in Sources */,
				61F92959D621EB1C9B01CD6A /* SeaAnalysisDetailViewModel.swift in Sources */,
				AABF851A0557A35D008E9C95 /* TemperatureLineGraphView.swift in Sources */,
				7328AEBCF75792505834FC4D /* SettingView.swift in Sources */,
				29A7E81887295D88B98D6ABA /* SettingViewModel.swift in Sources */,
				A040C38E031E0655DA7EE9BC /* FishingRecord.swift in Sources */,
				225237683E1B0440276984CB /* FishingRecordUseCase.swift in Sources */,
				1330B868D2832A44D987A553 /* RealmManager.swift in Sources */,
				78C52B0F387154EC058F66CA /* RealmFishingRecord.swift in Sources */,
				0FBF453FFF082B22DC020B1F /* DefaultFishingRecordRepository.swift in Sources */,
				938308A513E526F0A691998F /* FishingRecordViewModel.swift in Sources */,
				E9B3C143644F178B8CD4DD33 /* FishingRecordView.swift in Sources */,
				1193965C2F59621500F4EB6C /* SeaThermoApp.swift in Sources */,
				BE8D8308779040CAA518B7F1 /* VersionCheckDTO.swift in Sources */,
				26B53BA3AF20420EB2F26926 /* DefaultSplashRepository.swift in Sources */,
				E8AFEA2CD75B4A60A7E5ADC3 /* VersionStatus.swift in Sources */,
				1150DFF42F5E66BF007C1638 /* CrawlingCurrentTemperatureView.swift in Sources */,
				1150DFF52F5E66BF007C1638 /* CrawlingOceanSelectView.swift in Sources */,
				32678646250D4911966F09E5 /* SplashView.swift in Sources */,
				AA5D7BEB694340508095DBD0 /* SplashViewModel.swift in Sources */,
			);
			runOnlyForDeploymentPostprocessing = 0;
		};
/* End PBXSourcesBuildPhase section */

/* Begin PBXVariantGroup section */
		F4DE47B42AA0107000ED2D23 /* LaunchScreen.storyboard */ = {
			isa = PBXVariantGroup;
			children = (
				F4DE47B52AA0107000ED2D23 /* Base */,
			);
			name = LaunchScreen.storyboard;
			sourceTree = "<group>";
		};
/* End PBXVariantGroup section */

/* Begin XCBuildConfiguration section */
		F4DE47B82AA0107000ED2D23 /* Debug */ = {
			isa = XCBuildConfiguration;
			buildSettings = {
				ALWAYS_SEARCH_USER_PATHS = NO;
				CLANG_ANALYZER_NONNULL = YES;
				CLANG_ANALYZER_NUMBER_OBJECT_CONVERSION = YES_AGGRESSIVE;
				CLANG_CXX_LANGUAGE_STANDARD = "gnu++20";
				CLANG_ENABLE_MODULES = YES;
				CLANG_ENABLE_OBJC_ARC = YES;
				CLANG_ENABLE_OBJC_WEAK = YES;
				CLANG_WARN_BLOCK_CAPTURE_AUTORELEASING = YES;
				CLANG_WARN_BOOL_CONVERSION = YES;
				CLANG_WARN_COMMA = YES;
				CLANG_WARN_CONSTANT_CONVERSION = YES;
				CLANG_WARN_DEPRECATED_OBJC_IMPLEMENTATIONS = YES;
				CLANG_WARN_DIRECT_OBJC_ISA_USAGE = YES_ERROR;
				CLANG_WARN_DOCUMENTATION_COMMENTS = YES;
				CLANG_WARN_EMPTY_BODY = YES;
				CLANG_WARN_ENUM_CONVERSION = YES;
				CLANG_WARN_INFINITE_RECURSION = YES;
				CLANG_WARN_INT_CONVERSION = YES;
				CLANG_WARN_NON_LITERAL_NULL_CONVERSION = YES;
				CLANG_WARN_OBJC_IMPLICIT_RETAIN_SELF = YES;
				CLANG_WARN_OBJC_LITERAL_CONVERSION = YES;
				CLANG_WARN_OBJC_ROOT_CLASS = YES_ERROR;
				CLANG_WARN_QUOTED_INCLUDE_IN_FRAMEWORK_HEADER = YES;
				CLANG_WARN_RANGE_LOOP_ANALYSIS = YES;
				CLANG_WARN_STRICT_PROTOTYPES = YES;
				CLANG_WARN_SUSPICIOUS_MOVE = YES;
				CLANG_WARN_UNGUARDED_AVAILABILITY = YES_AGGRESSIVE;
				CLANG_WARN_UNREACHABLE_CODE = YES;
				CLANG_WARN__DUPLICATE_METHOD_MATCH = YES;
				COPY_PHASE_STRIP = NO;
				DEBUG_INFORMATION_FORMAT = dwarf;
				ENABLE_STRICT_OBJC_MSGSEND = YES;
				ENABLE_TESTABILITY = YES;
				GCC_C_LANGUAGE_STANDARD = gnu11;
				GCC_DYNAMIC_NO_PIC = NO;
				GCC_NO_COMMON_BLOCKS = YES;
				GCC_OPTIMIZATION_LEVEL = 0;
				GCC_PREPROCESSOR_DEFINITIONS = (
					"DEBUG=1",
					"$(inherited)",
				);
				GCC_WARN_64_TO_32_BIT_CONVERSION = YES;
				GCC_WARN_ABOUT_RETURN_TYPE = YES_ERROR;
				GCC_WARN_UNDECLARED_SELECTOR = YES;
				GCC_WARN_UNINITIALIZED_AUTOS = YES_AGGRESSIVE;
				GCC_WARN_UNUSED_FUNCTION = YES;
				GCC_WARN_UNUSED_VARIABLE = YES;
				IPHONEOS_DEPLOYMENT_TARGET = 16.0;
				MTL_ENABLE_DEBUG_INFO = INCLUDE_SOURCE;
				MTL_FAST_MATH = YES;
				ONLY_ACTIVE_ARCH = YES;
				SDKROOT = iphoneos;
				SWIFT_ACTIVE_COMPILATION_CONDITIONS = DEBUG;
				SWIFT_OPTIMIZATION_LEVEL = "-Onone";
			};
			name = Debug;
		};
		F4DE47B92AA0107000ED2D23 /* Release */ = {
			isa = XCBuildConfiguration;
			buildSettings = {
				ALWAYS_SEARCH_USER_PATHS = NO;
				CLANG_ANALYZER_NONNULL = YES;
				CLANG_ANALYZER_NUMBER_OBJECT_CONVERSION = YES_AGGRESSIVE;
				CLANG_CXX_LANGUAGE_STANDARD = "gnu++20";
				CLANG_ENABLE_MODULES = YES;
				CLANG_ENABLE_OBJC_ARC = YES;
				CLANG_ENABLE_OBJC_WEAK = YES;
				CLANG_WARN_BLOCK_CAPTURE_AUTORELEASING = YES;
				CLANG_WARN_BOOL_CONVERSION = YES;
				CLANG_WARN_COMMA = YES;
				CLANG_WARN_CONSTANT_CONVERSION = YES;
				CLANG_WARN_DEPRECATED_OBJC_IMPLEMENTATIONS = YES;
				CLANG_WARN_DIRECT_OBJC_ISA_USAGE = YES_ERROR;
				CLANG_WARN_DOCUMENTATION_COMMENTS = YES;
				CLANG_WARN_EMPTY_BODY = YES;
				CLANG_WARN_ENUM_CONVERSION = YES;
				CLANG_WARN_INFINITE_RECURSION = YES;
				CLANG_WARN_INT_CONVERSION = YES;
				CLANG_WARN_NON_LITERAL_NULL_CONVERSION = YES;
				CLANG_WARN_OBJC_IMPLICIT_RETAIN_SELF = YES;
				CLANG_WARN_OBJC_LITERAL_CONVERSION = YES;
				CLANG_WARN_OBJC_ROOT_CLASS = YES_ERROR;
				CLANG_WARN_QUOTED_INCLUDE_IN_FRAMEWORK_HEADER = YES;
				CLANG_WARN_RANGE_LOOP_ANALYSIS = YES;
				CLANG_WARN_STRICT_PROTOTYPES = YES;
				CLANG_WARN_SUSPICIOUS_MOVE = YES;
				CLANG_WARN_UNGUARDED_AVAILABILITY = YES_AGGRESSIVE;
				CLANG_WARN_UNREACHABLE_CODE = YES;
				CLANG_WARN__DUPLICATE_METHOD_MATCH = YES;
				COPY_PHASE_STRIP = NO;
				DEBUG_INFORMATION_FORMAT = "dwarf-with-dsym";
				ENABLE_NS_ASSERTIONS = NO;
				ENABLE_STRICT_OBJC_MSGSEND = YES;
				GCC_C_LANGUAGE_STANDARD = gnu11;
				GCC_NO_COMMON_BLOCKS = YES;
				GCC_WARN_64_TO_32_BIT_CONVERSION = YES;
				GCC_WARN_ABOUT_RETURN_TYPE = YES_ERROR;
				GCC_WARN_UNDECLARED_SELECTOR = YES;
				GCC_WARN_UNINITIALIZED_AUTOS = YES_AGGRESSIVE;
				GCC_WARN_UNUSED_FUNCTION = YES;
				GCC_WARN_UNUSED_VARIABLE = YES;
				IPHONEOS_DEPLOYMENT_TARGET = 16.0;
				MTL_ENABLE_DEBUG_INFO = NO;
				MTL_FAST_MATH = YES;
				SDKROOT = iphoneos;
				SWIFT_COMPILATION_MODE = wholemodule;
				SWIFT_OPTIMIZATION_LEVEL = "-O";
				VALIDATE_PRODUCT = YES;
			};
			name = Release;
		};
		F4DE47BB2AA0107000ED2D23 /* Debug */ = {
			isa = XCBuildConfiguration;
			baseConfigurationReference = EDA398BA0DAB4D361B4206DB /* Pods-SeaThermo.debug.xcconfig */;
			buildSettings = {
				API_KEY_RISA = "qPwOeIrU-2603-WUSYBN-1455";
				API_NIFS_URL = "https://www.nifs.go.kr";
				API_ONBADA_URL = "http://3.35.210.133:3000";
				ASSETCATALOG_COMPILER_APPICON_NAME = AppIcon;
				ASSETCATALOG_COMPILER_GLOBAL_ACCENT_COLOR_NAME = AccentColor;
				CLANG_ENABLE_OBJC_ARC = NO;
				CODE_SIGN_IDENTITY = "Apple Development";
				CODE_SIGN_STYLE = Automatic;
				CURRENT_PROJECT_VERSION = 1;
				DEBUG_INFORMATION_FORMAT = "dwarf-with-dsym";
				DEVELOPMENT_TEAM = STP3Q99SG6;
				FRAMEWORK_SEARCH_PATHS = "$(inherited)";
				GENERATE_INFOPLIST_FILE = YES;
				INFOPLIST_FILE = SeaThermo/Info.plist;
				INFOPLIST_KEY_CFBundleDisplayName = "온바다";
				INFOPLIST_KEY_NSCameraUsageDescription = "낚시 기록을 위한 사진 촬영에 카메라 권한이 필요합니다.";
				INFOPLIST_KEY_NSLocationAlwaysAndWhenInUseUsageDescription = "앱 이용을 위해 고객님의 위치 서비스를 허용해 주세요.";
				INFOPLIST_KEY_NSLocationWhenInUseUsageDescription = "앱 이용을 위해 고객님의 위치 서비스를 허용해 주세요.";
				INFOPLIST_KEY_NSPhotoLibraryUsageDescription = "촬영한 사진을 저장하고 불러오기 위해 앨범 접근 권한이 필요합니다.";
				INFOPLIST_KEY_UIApplicationSupportsIndirectInputEvents = YES;
				INFOPLIST_KEY_UILaunchStoryboardName = LaunchScreen;
				INFOPLIST_KEY_UISupportedInterfaceOrientations = UIInterfaceOrientationPortrait;
				IPHONEOS_DEPLOYMENT_TARGET = 16.0;
				LD_RUNPATH_SEARCH_PATHS = (
					"$(inherited)",
					"@executable_path/Frameworks",
				);
				MARKETING_VERSION = 1.0.0;
				OTHER_LDFLAGS = (
					"-ObjC",
					"$(inherited)",
				);
				PRODUCT_BUNDLE_IDENTIFIER = com.onbada.seathermo;
				PRODUCT_NAME = "$(TARGET_NAME)";
				PROVISIONING_PROFILE_SPECIFIER = "";
				SWIFT_EMIT_LOC_STRINGS = YES;
				SWIFT_OBJC_BRIDGING_HEADER = "";
				SWIFT_VERSION = 5.0;
				TARGETED_DEVICE_FAMILY = "1,2";
			};
			name = Debug;
		};
		F4DE47BC2AA0107000ED2D23 /* Release */ = {
			isa = XCBuildConfiguration;
			baseConfigurationReference = 7923DDEBCA0435B83A181040 /* Pods-SeaThermo.release.xcconfig */;
			buildSettings = {
				API_KEY_RISA = "qPwOeIrU-2603-WUSYBN-1455";
				API_NIFS_URL = "https://www.nifs.go.kr";
				API_ONBADA_URL = "http://3.35.210.133:3000";
				ASSETCATALOG_COMPILER_APPICON_NAME = AppIcon;
				ASSETCATALOG_COMPILER_GLOBAL_ACCENT_COLOR_NAME = AccentColor;
				CLANG_ENABLE_OBJC_ARC = NO;
				CODE_SIGN_IDENTITY = "Apple Development";
				CODE_SIGN_STYLE = Automatic;
				CURRENT_PROJECT_VERSION = 1;
				DEVELOPMENT_TEAM = STP3Q99SG6;
				FRAMEWORK_SEARCH_PATHS = "$(inherited)";
				GENERATE_INFOPLIST_FILE = YES;
				INFOPLIST_FILE = SeaThermo/Info.plist;
				INFOPLIST_KEY_CFBundleDisplayName = "온바다";
				INFOPLIST_KEY_NSCameraUsageDescription = "낚시 기록을 위한 사진 촬영에 카메라 권한이 필요합니다.";
				INFOPLIST_KEY_NSLocationAlwaysAndWhenInUseUsageDescription = "앱 이용을 위해 고객님의 위치 서비스를 허용해 주세요.";
				INFOPLIST_KEY_NSLocationWhenInUseUsageDescription = "앱 이용을 위해 고객님의 위치 서비스를 허용해 주세요.";
				INFOPLIST_KEY_NSPhotoLibraryUsageDescription = "촬영한 사진을 저장하고 불러오기 위해 앨범 접근 권한이 필요합니다.";
				INFOPLIST_KEY_UIApplicationSupportsIndirectInputEvents = YES;
				INFOPLIST_KEY_UILaunchStoryboardName = LaunchScreen;
				INFOPLIST_KEY_UISupportedInterfaceOrientations = UIInterfaceOrientationPortrait;
				IPHONEOS_DEPLOYMENT_TARGET = 16.0;
				LD_RUNPATH_SEARCH_PATHS = (
					"$(inherited)",
					"@executable_path/Frameworks",
				);
				MARKETING_VERSION = 1.0.0;
				OTHER_LDFLAGS = (
					"-ObjC",
					"$(inherited)",
				);
				PRODUCT_BUNDLE_IDENTIFIER = com.onbada.seathermo;
				PRODUCT_NAME = "$(TARGET_NAME)";
				PROVISIONING_PROFILE_SPECIFIER = "";
				SWIFT_EMIT_LOC_STRINGS = YES;
				SWIFT_OBJC_BRIDGING_HEADER = "";
				SWIFT_VERSION = 5.0;
				TARGETED_DEVICE_FAMILY = "1,2";
			};
			name = Release;
		};
/* End XCBuildConfiguration section */

/* Begin XCConfigurationList section */
		F4DE47A12AA0106E00ED2D23 /* Build configuration list for PBXProject "SeaThermo" */ = {
			isa = XCConfigurationList;
			buildConfigurations = (
				F4DE47B82AA0107000ED2D23 /* Debug */,
				F4DE47B92AA0107000ED2D23 /* Release */,
			);
			defaultConfigurationIsVisible = 0;
			defaultConfigurationName = Release;
		};
		F4DE47BA2AA0107000ED2D23 /* Build configuration list for PBXNativeTarget "SeaThermo" */ = {
			isa = XCConfigurationList;
			buildConfigurations = (
				F4DE47BB2AA0107000ED2D23 /* Debug */,
				F4DE47BC2AA0107000ED2D23 /* Release */,
			);
			defaultConfigurationIsVisible = 0;
			defaultConfigurationName = Release;
		};
/* End XCConfigurationList section */
	};
	rootObject = F4DE479E2AA0106E00ED2D23 /* Project object */;
}
